// !$*UTF8*$!
{
	archiveVersion = 1;
	classes = {
	};
	objectVersion = 56;
	objects = {

/* Begin PBXBuildFile section */
		0020A3C42BFD78F900607BAF /* OnboardingView.swift in Sources */ = {isa = PBXBuildFile; fileRef = 0020A3C32BFD78F900607BAF /* OnboardingView.swift */; };
		0020A3C72BFD7A9900607BAF /* HapticWave_1.ahap in Resources */ = {isa = PBXBuildFile; fileRef = 0020A3C62BFD7A9900607BAF /* HapticWave_1.ahap */; };
		0020A3C92BFD7AB500607BAF /* windows-xp-startup-sound.mp3 in Resources */ = {isa = PBXBuildFile; fileRef = 0020A3C82BFD7AB500607BAF /* windows-xp-startup-sound.mp3 */; };
		0020A3CC2BFD82F400607BAF /* SOSPhysical_Model.swift in Sources */ = {isa = PBXBuildFile; fileRef = 0020A3CA2BFD82F400607BAF /* SOSPhysical_Model.swift */; };
		0020A3CD2BFD82F400607BAF /* SOSPhysics_TestView.swift in Sources */ = {isa = PBXBuildFile; fileRef = 0020A3CB2BFD82F400607BAF /* SOSPhysics_TestView.swift */; };
		00467FDC2C4215E400DA7BB6 /* SettingView.swift in Sources */ = {isa = PBXBuildFile; fileRef = 00467FDB2C4215E400DA7BB6 /* SettingView.swift */; };
		00467FDE2C42203B00DA7BB6 /* CustomTextEditorSimpleView.swift in Sources */ = {isa = PBXBuildFile; fileRef = 00467FDD2C42203B00DA7BB6 /* CustomTextEditorSimpleView.swift */; };
		00467FE02C4227A700DA7BB6 /* PatientContactEditorView.swift in Sources */ = {isa = PBXBuildFile; fileRef = 00467FDF2C4227A700DA7BB6 /* PatientContactEditorView.swift */; };
		00C1A7C02BFAEB0D004747E6 /* SummaryView.swift in Sources */ = {isa = PBXBuildFile; fileRef = 00C1A7BF2BFAEB0D004747E6 /* SummaryView.swift */; };
		20C930042BFCBDF000F57ED2 /* TimeSettingModel.swift in Sources */ = {isa = PBXBuildFile; fileRef = 20C930032BFCBDF000F57ED2 /* TimeSettingModel.swift */; };
		20CE35AF2BFAFCE300AF7C09 /* BreathTimeSetting.swift in Sources */ = {isa = PBXBuildFile; fileRef = 20CE35AE2BFAFCE300AF7C09 /* BreathTimeSetting.swift */; };
		20CE35B12BFAFE2200AF7C09 /* SOSTimeSetting.swift in Sources */ = {isa = PBXBuildFile; fileRef = 20CE35B02BFAFE2200AF7C09 /* SOSTimeSetting.swift */; };
		512A01F82BFAEDBB00EE8B39 /* MessageView.swift in Sources */ = {isa = PBXBuildFile; fileRef = 512A01F72BFAEDBB00EE8B39 /* MessageView.swift */; };
		512A01FA2BFB1D8A00EE8B39 /* ContactSettingView.swift in Sources */ = {isa = PBXBuildFile; fileRef = 512A01F92BFB1D8A00EE8B39 /* ContactSettingView.swift */; };
		51BE25F42BFD97E900D6F587 /* MessageSettingModel.swift in Sources */ = {isa = PBXBuildFile; fileRef = 51BE25F22BFD97E900D6F587 /* MessageSettingModel.swift */; };
		51BE25F52BFD97E900D6F587 /* ContactsSettingModel.swift in Sources */ = {isa = PBXBuildFile; fileRef = 51BE25F32BFD97E900D6F587 /* ContactsSettingModel.swift */; };
		6D49B4EC2C00364100F9D44D /* BreathingFace_10s.gif in Resources */ = {isa = PBXBuildFile; fileRef = 6D49B4EB2C00364100F9D44D /* BreathingFace_10s.gif */; };
		6D8D80042BFF9EF700A739D2 /* GifImageViewer.swift in Sources */ = {isa = PBXBuildFile; fileRef = 6D8D80032BFF9EF700A739D2 /* GifImageViewer.swift */; };
		8B1F63D12BFAD41C00049B0B /* BreathingView.swift in Sources */ = {isa = PBXBuildFile; fileRef = 8B1F63D02BFAD41C00049B0B /* BreathingView.swift */; };
		8B1F63D32BFADCDF00049B0B /* SOSView.swift in Sources */ = {isa = PBXBuildFile; fileRef = 8B1F63D22BFADCDF00049B0B /* SOSView.swift */; };
		8B1F64462BFD934300049B0B /* ContactView.swift in Sources */ = {isa = PBXBuildFile; fileRef = 8B1F64452BFD934300049B0B /* ContactView.swift */; };
		8B680ABB2BFF177C0099E7D9 /* PreviewView.swift in Sources */ = {isa = PBXBuildFile; fileRef = 8B680ABA2BFF177C0099E7D9 /* PreviewView.swift */; };
		8B680ABD2C0043340099E7D9 /* electronic-alarm-clock-151927.mp3 in Resources */ = {isa = PBXBuildFile; fileRef = 8B680ABC2C0043330099E7D9 /* electronic-alarm-clock-151927.mp3 */; };
		8C3CE2D82BFB11E2002D26C2 /* LiveActivityManager.swift in Sources */ = {isa = PBXBuildFile; fileRef = 8CD4FF1B2BF6E355009A8BC9 /* LiveActivityManager.swift */; };
		8C7622202BFC6D4500B6BFFF /* Assets.xcassets in Resources */ = {isa = PBXBuildFile; fileRef = 8CCFD0DA2BF32CD60059EF94 /* Assets.xcassets */; };
		8C76222E2BFC808300B6BFFF /* CustomNavigationModifier.swift in Sources */ = {isa = PBXBuildFile; fileRef = 8C76222D2BFC808300B6BFFF /* CustomNavigationModifier.swift */; };
		8C7622302BFC80A100B6BFFF /* CustomTextEditorView.swift in Sources */ = {isa = PBXBuildFile; fileRef = 8C76222F2BFC80A100B6BFFF /* CustomTextEditorView.swift */; };
		8C7622322BFC80BF00B6BFFF /* PatientInfoSettingView.swift in Sources */ = {isa = PBXBuildFile; fileRef = 8C7622312BFC80BF00B6BFFF /* PatientInfoSettingView.swift */; };
		8C7622342BFC811D00B6BFFF /* SettingQuestionLabel.swift in Sources */ = {isa = PBXBuildFile; fileRef = 8C7622332BFC811D00B6BFFF /* SettingQuestionLabel.swift */; };
		8C7622362BFC819900B6BFFF /* View+Extension.swift in Sources */ = {isa = PBXBuildFile; fileRef = 8C7622352BFC819900B6BFFF /* View+Extension.swift */; };
		8C7622382BFC847A00B6BFFF /* CustomDivider.swift in Sources */ = {isa = PBXBuildFile; fileRef = 8C7622372BFC847A00B6BFFF /* CustomDivider.swift */; };
		8C9A150B2BF8608B00F16283 /* CircularProgressView.swift in Sources */ = {isa = PBXBuildFile; fileRef = 8C9A150A2BF8608B00F16283 /* CircularProgressView.swift */; };
		8C9A150C2BF860FB00F16283 /* CircularProgressView.swift in Sources */ = {isa = PBXBuildFile; fileRef = 8C9A150A2BF8608B00F16283 /* CircularProgressView.swift */; };
		8C9A150D2BF8610600F16283 /* Color.swift in Sources */ = {isa = PBXBuildFile; fileRef = 8CCFD1182BF336EB0059EF94 /* Color.swift */; };
		8C9A150E2BF8617200F16283 /* Color+Extension.swift in Sources */ = {isa = PBXBuildFile; fileRef = 8CCFD11C2BF337EA0059EF94 /* Color+Extension.swift */; };
		8CCFD0D52BF32CD40059EF94 /* SumSumZipApp.swift in Sources */ = {isa = PBXBuildFile; fileRef = 8CCFD0D42BF32CD40059EF94 /* SumSumZipApp.swift */; };
		8CCFD0D72BF32CD40059EF94 /* ContentView.swift in Sources */ = {isa = PBXBuildFile; fileRef = 8CCFD0D62BF32CD40059EF94 /* ContentView.swift */; };
		8CCFD0D92BF32CD40059EF94 /* Item.swift in Sources */ = {isa = PBXBuildFile; fileRef = 8CCFD0D82BF32CD40059EF94 /* Item.swift */; };
		8CCFD0DB2BF32CD60059EF94 /* Assets.xcassets in Resources */ = {isa = PBXBuildFile; fileRef = 8CCFD0DA2BF32CD60059EF94 /* Assets.xcassets */; };
		8CCFD0DE2BF32CD60059EF94 /* Preview Assets.xcassets in Resources */ = {isa = PBXBuildFile; fileRef = 8CCFD0DD2BF32CD60059EF94 /* Preview Assets.xcassets */; };
		8CCFD0E92BF32CD70059EF94 /* SumSumZipTests.swift in Sources */ = {isa = PBXBuildFile; fileRef = 8CCFD0E82BF32CD70059EF94 /* SumSumZipTests.swift */; };
		8CCFD0F32BF32CD70059EF94 /* SumSumZipUITests.swift in Sources */ = {isa = PBXBuildFile; fileRef = 8CCFD0F22BF32CD70059EF94 /* SumSumZipUITests.swift */; };
		8CCFD0F52BF32CD70059EF94 /* SumSumZipUITestsLaunchTests.swift in Sources */ = {isa = PBXBuildFile; fileRef = 8CCFD0F42BF32CD70059EF94 /* SumSumZipUITestsLaunchTests.swift */; };
		8CCFD1192BF336EB0059EF94 /* Color.swift in Sources */ = {isa = PBXBuildFile; fileRef = 8CCFD1182BF336EB0059EF94 /* Color.swift */; };
		8CCFD11D2BF337EA0059EF94 /* Color+Extension.swift in Sources */ = {isa = PBXBuildFile; fileRef = 8CCFD11C2BF337EA0059EF94 /* Color+Extension.swift */; };
		8CCFD11F2BF338540059EF94 /* Strings.swift in Sources */ = {isa = PBXBuildFile; fileRef = 8CCFD11E2BF338540059EF94 /* Strings.swift */; };
		8CD4FEE72BF4DDE0009A8BC9 /* .gitignore in Resources */ = {isa = PBXBuildFile; fileRef = 8CD4FEE62BF4DDE0009A8BC9 /* .gitignore */; };
		8CD4FEEF2BF4E41B009A8BC9 /* WidgetKit.framework in Frameworks */ = {isa = PBXBuildFile; fileRef = 8CD4FEEE2BF4E41B009A8BC9 /* WidgetKit.framework */; };
		8CD4FEF12BF4E41B009A8BC9 /* SwiftUI.framework in Frameworks */ = {isa = PBXBuildFile; fileRef = 8CD4FEF02BF4E41B009A8BC9 /* SwiftUI.framework */; };
		8CD4FEF42BF4E41B009A8BC9 /* EmergencyLiveActivityBundle.swift in Sources */ = {isa = PBXBuildFile; fileRef = 8CD4FEF32BF4E41B009A8BC9 /* EmergencyLiveActivityBundle.swift */; };
		8CD4FEF62BF4E41B009A8BC9 /* EmergencyLiveActivity.swift in Sources */ = {isa = PBXBuildFile; fileRef = 8CD4FEF52BF4E41B009A8BC9 /* EmergencyLiveActivity.swift */; };
		8CD4FEF82BF4E41B009A8BC9 /* EmergencyWidget.swift in Sources */ = {isa = PBXBuildFile; fileRef = 8CD4FEF72BF4E41B009A8BC9 /* EmergencyWidget.swift */; };
		8CD4FEFA2BF4E41B009A8BC9 /* AppIntent.swift in Sources */ = {isa = PBXBuildFile; fileRef = 8CD4FEF92BF4E41B009A8BC9 /* AppIntent.swift */; };
		8CD4FEFC2BF4E41C009A8BC9 /* Assets.xcassets in Resources */ = {isa = PBXBuildFile; fileRef = 8CD4FEFB2BF4E41C009A8BC9 /* Assets.xcassets */; };
		8CD4FF002BF4E41C009A8BC9 /* EmergencyLiveActivityExtension.appex in Embed Foundation Extensions */ = {isa = PBXBuildFile; fileRef = 8CD4FEEC2BF4E41B009A8BC9 /* EmergencyLiveActivityExtension.appex */; settings = {ATTRIBUTES = (RemoveHeadersOnCopy, ); }; };
		8CD4FF1A2BF6E1AB009A8BC9 /* EmergencyLiveActivity.swift in Sources */ = {isa = PBXBuildFile; fileRef = 8CD4FEF52BF4E41B009A8BC9 /* EmergencyLiveActivity.swift */; };
		8CD4FF1C2BF6E355009A8BC9 /* LiveActivityManager.swift in Sources */ = {isa = PBXBuildFile; fileRef = 8CD4FF1B2BF6E355009A8BC9 /* LiveActivityManager.swift */; };
		8CD78B192BFEC6960054C170 /* LockScreenWidget.swift in Sources */ = {isa = PBXBuildFile; fileRef = 8CD78B182BFEC6960054C170 /* LockScreenWidget.swift */; };
		8CD78B1A2BFEC6960054C170 /* LockScreenWidget.swift in Sources */ = {isa = PBXBuildFile; fileRef = 8CD78B182BFEC6960054C170 /* LockScreenWidget.swift */; };
		8CD78B1B2BFEC8950054C170 /* EmergencyWidget.swift in Sources */ = {isa = PBXBuildFile; fileRef = 8CD4FEF72BF4E41B009A8BC9 /* EmergencyWidget.swift */; };
		8CF6FA1C2BFF1769008C827C /* AlertManager.swift in Sources */ = {isa = PBXBuildFile; fileRef = 8CF6FA1B2BFF1769008C827C /* AlertManager.swift */; };
		8CF6FA1E2BFF31CD008C827C /* HapticWave_2.ahap in Resources */ = {isa = PBXBuildFile; fileRef = 8CF6FA1D2BFF31CD008C827C /* HapticWave_2.ahap */; };
		8CF6FDAA2BFCCB3700B59608 /* AnimationImageView.swift in Sources */ = {isa = PBXBuildFile; fileRef = 8CF6FDA92BFCCB3700B59608 /* AnimationImageView.swift */; };
		8CF6FDAB2BFCCB6C00B59608 /* AnimationImageView.swift in Sources */ = {isa = PBXBuildFile; fileRef = 8CF6FDA92BFCCB3700B59608 /* AnimationImageView.swift */; };
		8CF6FDB02BFCD7F800B59608 /* SOS.gif in Resources */ = {isa = PBXBuildFile; fileRef = 8CF6FDAF2BFCD69D00B59608 /* SOS.gif */; };
		8CF6FDB12BFCD7F800B59608 /* SOS.gif in Resources */ = {isa = PBXBuildFile; fileRef = 8CF6FDAF2BFCD69D00B59608 /* SOS.gif */; };
		8CF6FDB52BFDBE9300B59608 /* PatientInfoView.swift in Sources */ = {isa = PBXBuildFile; fileRef = 8CF6FDB42BFDBE9300B59608 /* PatientInfoView.swift */; };
		8CF6FDB72BFDC87D00B59608 /* CustomXButton.swift in Sources */ = {isa = PBXBuildFile; fileRef = 8CF6FDB62BFDC87D00B59608 /* CustomXButton.swift */; };
		8CF6FDB92BFDCB1D00B59608 /* UserdefaultsManager.swift in Sources */ = {isa = PBXBuildFile; fileRef = 8CF6FDB82BFDCB1D00B59608 /* UserdefaultsManager.swift */; };
/* End PBXBuildFile section */

/* Begin PBXContainerItemProxy section */
		8CCFD0E52BF32CD70059EF94 /* PBXContainerItemProxy */ = {
			isa = PBXContainerItemProxy;
			containerPortal = 8CCFD0C92BF32CD40059EF94 /* Project object */;
			proxyType = 1;
			remoteGlobalIDString = 8CCFD0D02BF32CD40059EF94;
			remoteInfo = SumSumZip;
		};
		8CCFD0EF2BF32CD70059EF94 /* PBXContainerItemProxy */ = {
			isa = PBXContainerItemProxy;
			containerPortal = 8CCFD0C92BF32CD40059EF94 /* Project object */;
			proxyType = 1;
			remoteGlobalIDString = 8CCFD0D02BF32CD40059EF94;
			remoteInfo = SumSumZip;
		};
		8CD4FEFE2BF4E41C009A8BC9 /* PBXContainerItemProxy */ = {
			isa = PBXContainerItemProxy;
			containerPortal = 8CCFD0C92BF32CD40059EF94 /* Project object */;
			proxyType = 1;
			remoteGlobalIDString = 8CD4FEEB2BF4E41B009A8BC9;
			remoteInfo = EmergencyLiveActivityExtension;
		};
/* End PBXContainerItemProxy section */

/* Begin PBXCopyFilesBuildPhase section */
		8CD4FF012BF4E41C009A8BC9 /* Embed Foundation Extensions */ = {
			isa = PBXCopyFilesBuildPhase;
			buildActionMask = 2147483647;
			dstPath = "";
			dstSubfolderSpec = 13;
			files = (
				8CD4FF002BF4E41C009A8BC9 /* EmergencyLiveActivityExtension.appex in Embed Foundation Extensions */,
			);
			name = "Embed Foundation Extensions";
			runOnlyForDeploymentPostprocessing = 0;
		};
/* End PBXCopyFilesBuildPhase section */

/* Begin PBXFileReference section */
		0020A3C32BFD78F900607BAF /* OnboardingView.swift */ = {isa = PBXFileReference; lastKnownFileType = sourcecode.swift; path = OnboardingView.swift; sourceTree = "<group>"; };
		0020A3C62BFD7A9900607BAF /* HapticWave_1.ahap */ = {isa = PBXFileReference; fileEncoding = 4; lastKnownFileType = text; path = HapticWave_1.ahap; sourceTree = "<group>"; };
		0020A3C82BFD7AB500607BAF /* windows-xp-startup-sound.mp3 */ = {isa = PBXFileReference; lastKnownFileType = audio.mp3; path = "windows-xp-startup-sound.mp3"; sourceTree = "<group>"; };
		0020A3CA2BFD82F400607BAF /* SOSPhysical_Model.swift */ = {isa = PBXFileReference; fileEncoding = 4; lastKnownFileType = sourcecode.swift; path = SOSPhysical_Model.swift; sourceTree = "<group>"; };
		0020A3CB2BFD82F400607BAF /* SOSPhysics_TestView.swift */ = {isa = PBXFileReference; fileEncoding = 4; lastKnownFileType = sourcecode.swift; path = SOSPhysics_TestView.swift; sourceTree = "<group>"; };
		00467FDB2C4215E400DA7BB6 /* SettingView.swift */ = {isa = PBXFileReference; lastKnownFileType = sourcecode.swift; path = SettingView.swift; sourceTree = "<group>"; };
		00467FDD2C42203B00DA7BB6 /* CustomTextEditorSimpleView.swift */ = {isa = PBXFileReference; lastKnownFileType = sourcecode.swift; path = CustomTextEditorSimpleView.swift; sourceTree = "<group>"; };
		00467FDF2C4227A700DA7BB6 /* PatientContactEditorView.swift */ = {isa = PBXFileReference; lastKnownFileType = sourcecode.swift; path = PatientContactEditorView.swift; sourceTree = "<group>"; };
		00C1A7BF2BFAEB0D004747E6 /* SummaryView.swift */ = {isa = PBXFileReference; lastKnownFileType = sourcecode.swift; path = SummaryView.swift; sourceTree = "<group>"; wrapsLines = 0; };
		20C930032BFCBDF000F57ED2 /* TimeSettingModel.swift */ = {isa = PBXFileReference; lastKnownFileType = sourcecode.swift; path = TimeSettingModel.swift; sourceTree = "<group>"; };
		20CE35AE2BFAFCE300AF7C09 /* BreathTimeSetting.swift */ = {isa = PBXFileReference; lastKnownFileType = sourcecode.swift; path = BreathTimeSetting.swift; sourceTree = "<group>"; };
		20CE35B02BFAFE2200AF7C09 /* SOSTimeSetting.swift */ = {isa = PBXFileReference; lastKnownFileType = sourcecode.swift; path = SOSTimeSetting.swift; sourceTree = "<group>"; };
		512A01F72BFAEDBB00EE8B39 /* MessageView.swift */ = {isa = PBXFileReference; lastKnownFileType = sourcecode.swift; path = MessageView.swift; sourceTree = "<group>"; };
		512A01F92BFB1D8A00EE8B39 /* ContactSettingView.swift */ = {isa = PBXFileReference; lastKnownFileType = sourcecode.swift; path = ContactSettingView.swift; sourceTree = "<group>"; };
		51BE25F22BFD97E900D6F587 /* MessageSettingModel.swift */ = {isa = PBXFileReference; fileEncoding = 4; lastKnownFileType = sourcecode.swift; path = MessageSettingModel.swift; sourceTree = "<group>"; };
		51BE25F32BFD97E900D6F587 /* ContactsSettingModel.swift */ = {isa = PBXFileReference; fileEncoding = 4; lastKnownFileType = sourcecode.swift; path = ContactsSettingModel.swift; sourceTree = "<group>"; };
		6D49B4EB2C00364100F9D44D /* BreathingFace_10s.gif */ = {isa = PBXFileReference; lastKnownFileType = image.gif; path = BreathingFace_10s.gif; sourceTree = "<group>"; };
		6D8D80032BFF9EF700A739D2 /* GifImageViewer.swift */ = {isa = PBXFileReference; lastKnownFileType = sourcecode.swift; path = GifImageViewer.swift; sourceTree = "<group>"; };
		8B1F63D02BFAD41C00049B0B /* BreathingView.swift */ = {isa = PBXFileReference; lastKnownFileType = sourcecode.swift; path = BreathingView.swift; sourceTree = "<group>"; };
		8B1F63D22BFADCDF00049B0B /* SOSView.swift */ = {isa = PBXFileReference; lastKnownFileType = sourcecode.swift; path = SOSView.swift; sourceTree = "<group>"; };
		8B1F64452BFD934300049B0B /* ContactView.swift */ = {isa = PBXFileReference; lastKnownFileType = sourcecode.swift; path = ContactView.swift; sourceTree = "<group>"; };
		8B680ABA2BFF177C0099E7D9 /* PreviewView.swift */ = {isa = PBXFileReference; lastKnownFileType = sourcecode.swift; path = PreviewView.swift; sourceTree = "<group>"; };
		8B680ABC2C0043330099E7D9 /* electronic-alarm-clock-151927.mp3 */ = {isa = PBXFileReference; lastKnownFileType = audio.mp3; path = "electronic-alarm-clock-151927.mp3"; sourceTree = "<group>"; };
		8C76222D2BFC808300B6BFFF /* CustomNavigationModifier.swift */ = {isa = PBXFileReference; lastKnownFileType = sourcecode.swift; path = CustomNavigationModifier.swift; sourceTree = "<group>"; };
		8C76222F2BFC80A100B6BFFF /* CustomTextEditorView.swift */ = {isa = PBXFileReference; lastKnownFileType = sourcecode.swift; path = CustomTextEditorView.swift; sourceTree = "<group>"; };
		8C7622312BFC80BF00B6BFFF /* PatientInfoSettingView.swift */ = {isa = PBXFileReference; lastKnownFileType = sourcecode.swift; path = PatientInfoSettingView.swift; sourceTree = "<group>"; };
		8C7622332BFC811D00B6BFFF /* SettingQuestionLabel.swift */ = {isa = PBXFileReference; lastKnownFileType = sourcecode.swift; path = SettingQuestionLabel.swift; sourceTree = "<group>"; };
		8C7622352BFC819900B6BFFF /* View+Extension.swift */ = {isa = PBXFileReference; lastKnownFileType = sourcecode.swift; path = "View+Extension.swift"; sourceTree = "<group>"; };
		8C7622372BFC847A00B6BFFF /* CustomDivider.swift */ = {isa = PBXFileReference; lastKnownFileType = sourcecode.swift; path = CustomDivider.swift; sourceTree = "<group>"; };
		8C9A150A2BF8608B00F16283 /* CircularProgressView.swift */ = {isa = PBXFileReference; lastKnownFileType = sourcecode.swift; path = CircularProgressView.swift; sourceTree = "<group>"; };
		8CCFD0D12BF32CD40059EF94 /* SumSumZip.app */ = {isa = PBXFileReference; explicitFileType = wrapper.application; includeInIndex = 0; path = SumSumZip.app; sourceTree = BUILT_PRODUCTS_DIR; };
		8CCFD0D42BF32CD40059EF94 /* SumSumZipApp.swift */ = {isa = PBXFileReference; lastKnownFileType = sourcecode.swift; path = SumSumZipApp.swift; sourceTree = "<group>"; };
		8CCFD0D62BF32CD40059EF94 /* ContentView.swift */ = {isa = PBXFileReference; lastKnownFileType = sourcecode.swift; path = ContentView.swift; sourceTree = "<group>"; };
		8CCFD0D82BF32CD40059EF94 /* Item.swift */ = {isa = PBXFileReference; lastKnownFileType = sourcecode.swift; path = Item.swift; sourceTree = "<group>"; };
		8CCFD0DA2BF32CD60059EF94 /* Assets.xcassets */ = {isa = PBXFileReference; lastKnownFileType = folder.assetcatalog; path = Assets.xcassets; sourceTree = "<group>"; };
		8CCFD0DD2BF32CD60059EF94 /* Preview Assets.xcassets */ = {isa = PBXFileReference; lastKnownFileType = folder.assetcatalog; path = "Preview Assets.xcassets"; sourceTree = "<group>"; };
		8CCFD0DF2BF32CD60059EF94 /* SumSumZip.entitlements */ = {isa = PBXFileReference; lastKnownFileType = text.plist.entitlements; path = SumSumZip.entitlements; sourceTree = "<group>"; };
		8CCFD0E42BF32CD70059EF94 /* SumSumZipTests.xctest */ = {isa = PBXFileReference; explicitFileType = wrapper.cfbundle; includeInIndex = 0; path = SumSumZipTests.xctest; sourceTree = BUILT_PRODUCTS_DIR; };
		8CCFD0E82BF32CD70059EF94 /* SumSumZipTests.swift */ = {isa = PBXFileReference; lastKnownFileType = sourcecode.swift; path = SumSumZipTests.swift; sourceTree = "<group>"; };
		8CCFD0EE2BF32CD70059EF94 /* SumSumZipUITests.xctest */ = {isa = PBXFileReference; explicitFileType = wrapper.cfbundle; includeInIndex = 0; path = SumSumZipUITests.xctest; sourceTree = BUILT_PRODUCTS_DIR; };
		8CCFD0F22BF32CD70059EF94 /* SumSumZipUITests.swift */ = {isa = PBXFileReference; lastKnownFileType = sourcecode.swift; path = SumSumZipUITests.swift; sourceTree = "<group>"; };
		8CCFD0F42BF32CD70059EF94 /* SumSumZipUITestsLaunchTests.swift */ = {isa = PBXFileReference; lastKnownFileType = sourcecode.swift; path = SumSumZipUITestsLaunchTests.swift; sourceTree = "<group>"; };
		8CCFD1182BF336EB0059EF94 /* Color.swift */ = {isa = PBXFileReference; lastKnownFileType = sourcecode.swift; path = Color.swift; sourceTree = "<group>"; };
		8CCFD11C2BF337EA0059EF94 /* Color+Extension.swift */ = {isa = PBXFileReference; lastKnownFileType = sourcecode.swift; path = "Color+Extension.swift"; sourceTree = "<group>"; };
		8CCFD11E2BF338540059EF94 /* Strings.swift */ = {isa = PBXFileReference; lastKnownFileType = sourcecode.swift; path = Strings.swift; sourceTree = "<group>"; };
		8CD4FEE62BF4DDE0009A8BC9 /* .gitignore */ = {isa = PBXFileReference; lastKnownFileType = text; path = .gitignore; sourceTree = SOURCE_ROOT; };
		8CD4FEEC2BF4E41B009A8BC9 /* EmergencyLiveActivityExtension.appex */ = {isa = PBXFileReference; explicitFileType = "wrapper.app-extension"; includeInIndex = 0; path = EmergencyLiveActivityExtension.appex; sourceTree = BUILT_PRODUCTS_DIR; };
		8CD4FEEE2BF4E41B009A8BC9 /* WidgetKit.framework */ = {isa = PBXFileReference; lastKnownFileType = wrapper.framework; name = WidgetKit.framework; path = System/Library/Frameworks/WidgetKit.framework; sourceTree = SDKROOT; };
		8CD4FEF02BF4E41B009A8BC9 /* SwiftUI.framework */ = {isa = PBXFileReference; lastKnownFileType = wrapper.framework; name = SwiftUI.framework; path = System/Library/Frameworks/SwiftUI.framework; sourceTree = SDKROOT; };
		8CD4FEF32BF4E41B009A8BC9 /* EmergencyLiveActivityBundle.swift */ = {isa = PBXFileReference; lastKnownFileType = sourcecode.swift; path = EmergencyLiveActivityBundle.swift; sourceTree = "<group>"; };
		8CD4FEF52BF4E41B009A8BC9 /* EmergencyLiveActivity.swift */ = {isa = PBXFileReference; lastKnownFileType = sourcecode.swift; path = EmergencyLiveActivity.swift; sourceTree = "<group>"; };
		8CD4FEF72BF4E41B009A8BC9 /* EmergencyWidget.swift */ = {isa = PBXFileReference; lastKnownFileType = sourcecode.swift; path = EmergencyWidget.swift; sourceTree = "<group>"; };
		8CD4FEF92BF4E41B009A8BC9 /* AppIntent.swift */ = {isa = PBXFileReference; lastKnownFileType = sourcecode.swift; path = AppIntent.swift; sourceTree = "<group>"; };
		8CD4FEFB2BF4E41C009A8BC9 /* Assets.xcassets */ = {isa = PBXFileReference; lastKnownFileType = folder.assetcatalog; path = Assets.xcassets; sourceTree = "<group>"; };
		8CD4FEFD2BF4E41C009A8BC9 /* Info.plist */ = {isa = PBXFileReference; lastKnownFileType = text.plist.xml; path = Info.plist; sourceTree = "<group>"; };
		8CD4FF1B2BF6E355009A8BC9 /* LiveActivityManager.swift */ = {isa = PBXFileReference; lastKnownFileType = sourcecode.swift; path = LiveActivityManager.swift; sourceTree = "<group>"; };
		8CD78B182BFEC6960054C170 /* LockScreenWidget.swift */ = {isa = PBXFileReference; lastKnownFileType = sourcecode.swift; path = LockScreenWidget.swift; sourceTree = "<group>"; };
		8CF6FA1B2BFF1769008C827C /* AlertManager.swift */ = {isa = PBXFileReference; lastKnownFileType = sourcecode.swift; path = AlertManager.swift; sourceTree = "<group>"; };
		8CF6FA1D2BFF31CD008C827C /* HapticWave_2.ahap */ = {isa = PBXFileReference; lastKnownFileType = text; path = HapticWave_2.ahap; sourceTree = "<group>"; };
		8CF6FDA82BFCCA3C00B59608 /* Info.plist */ = {isa = PBXFileReference; lastKnownFileType = text.plist; path = Info.plist; sourceTree = "<group>"; };
		8CF6FDA92BFCCB3700B59608 /* AnimationImageView.swift */ = {isa = PBXFileReference; lastKnownFileType = sourcecode.swift; path = AnimationImageView.swift; sourceTree = "<group>"; };
		8CF6FDAF2BFCD69D00B59608 /* SOS.gif */ = {isa = PBXFileReference; lastKnownFileType = image.gif; path = SOS.gif; sourceTree = "<group>"; };
		8CF6FDB42BFDBE9300B59608 /* PatientInfoView.swift */ = {isa = PBXFileReference; lastKnownFileType = sourcecode.swift; path = PatientInfoView.swift; sourceTree = "<group>"; };
		8CF6FDB62BFDC87D00B59608 /* CustomXButton.swift */ = {isa = PBXFileReference; lastKnownFileType = sourcecode.swift; path = CustomXButton.swift; sourceTree = "<group>"; };
		8CF6FDB82BFDCB1D00B59608 /* UserdefaultsManager.swift */ = {isa = PBXFileReference; lastKnownFileType = sourcecode.swift; path = UserdefaultsManager.swift; sourceTree = "<group>"; };
/* End PBXFileReference section */

/* Begin PBXFrameworksBuildPhase section */
		8CCFD0CE2BF32CD40059EF94 /* Frameworks */ = {
			isa = PBXFrameworksBuildPhase;
			buildActionMask = 2147483647;
			files = (
			);
			runOnlyForDeploymentPostprocessing = 0;
		};
		8CCFD0E12BF32CD70059EF94 /* Frameworks */ = {
			isa = PBXFrameworksBuildPhase;
			buildActionMask = 2147483647;
			files = (
			);
			runOnlyForDeploymentPostprocessing = 0;
		};
		8CCFD0EB2BF32CD70059EF94 /* Frameworks */ = {
			isa = PBXFrameworksBuildPhase;
			buildActionMask = 2147483647;
			files = (
			);
			runOnlyForDeploymentPostprocessing = 0;
		};
		8CD4FEE92BF4E41B009A8BC9 /* Frameworks */ = {
			isa = PBXFrameworksBuildPhase;
			buildActionMask = 2147483647;
			files = (
				8CD4FEF12BF4E41B009A8BC9 /* SwiftUI.framework in Frameworks */,
				8CD4FEEF2BF4E41B009A8BC9 /* WidgetKit.framework in Frameworks */,
			);
			runOnlyForDeploymentPostprocessing = 0;
		};
/* End PBXFrameworksBuildPhase section */

/* Begin PBXGroup section */
		0020A3C52BFD7A4800607BAF /* SOSPhysics_Component */ = {
			isa = PBXGroup;
			children = (
				0020A3CB2BFD82F400607BAF /* SOSPhysics_TestView.swift */,
				0020A3CA2BFD82F400607BAF /* SOSPhysical_Model.swift */,
				0020A3C62BFD7A9900607BAF /* HapticWave_1.ahap */,
				8CF6FA1D2BFF31CD008C827C /* HapticWave_2.ahap */,
				8B680ABC2C0043330099E7D9 /* electronic-alarm-clock-151927.mp3 */,
				0020A3C82BFD7AB500607BAF /* windows-xp-startup-sound.mp3 */,
			);
			path = SOSPhysics_Component;
			sourceTree = "<group>";
		};
		6D8D80022BFF9EBE00A739D2 /* Gifimage */ = {
			isa = PBXGroup;
			children = (
				6D8D80032BFF9EF700A739D2 /* GifImageViewer.swift */,
			);
			path = Gifimage;
			sourceTree = "<group>";
		};
		8CCFD0C82BF32CD40059EF94 = {
			isa = PBXGroup;
			children = (
				8CD4FEE62BF4DDE0009A8BC9 /* .gitignore */,
				8CCFD0D32BF32CD40059EF94 /* SumSumZip */,
				8CCFD0E72BF32CD70059EF94 /* SumSumZipTests */,
				8CCFD0F12BF32CD70059EF94 /* SumSumZipUITests */,
				8CD4FEF22BF4E41B009A8BC9 /* EmergencyLiveActivity */,
				8CD4FEED2BF4E41B009A8BC9 /* Frameworks */,
				8CCFD0D22BF32CD40059EF94 /* Products */,
			);
			sourceTree = "<group>";
		};
		8CCFD0D22BF32CD40059EF94 /* Products */ = {
			isa = PBXGroup;
			children = (
				8CCFD0D12BF32CD40059EF94 /* SumSumZip.app */,
				8CCFD0E42BF32CD70059EF94 /* SumSumZipTests.xctest */,
				8CCFD0EE2BF32CD70059EF94 /* SumSumZipUITests.xctest */,
				8CD4FEEC2BF4E41B009A8BC9 /* EmergencyLiveActivityExtension.appex */,
			);
			name = Products;
			sourceTree = "<group>";
		};
		8CCFD0D32BF32CD40059EF94 /* SumSumZip */ = {
			isa = PBXGroup;
			children = (
				8CF6FDA82BFCCA3C00B59608 /* Info.plist */,
				8CCFD1062BF3319F0059EF94 /* MainComponents */,
				8CCFD10D2BF332310059EF94 /* LiveActivityComponents */,
				8CCFD1072BF331B00059EF94 /* WidgetComponents */,
				8CCFD1092BF331F20059EF94 /* Managers */,
				8CCFD11A2BF337C20059EF94 /* Helpers */,
				8CCFD1082BF331C10059EF94 /* Resources */,
				8CCFD0D42BF32CD40059EF94 /* SumSumZipApp.swift */,
				8CCFD0D62BF32CD40059EF94 /* ContentView.swift */,
				8CCFD0D82BF32CD40059EF94 /* Item.swift */,
				8CCFD0DF2BF32CD60059EF94 /* SumSumZip.entitlements */,
				8CCFD0DC2BF32CD60059EF94 /* Preview Content */,
			);
			path = SumSumZip;
			sourceTree = "<group>";
		};
		8CCFD0DC2BF32CD60059EF94 /* Preview Content */ = {
			isa = PBXGroup;
			children = (
				8CCFD0DD2BF32CD60059EF94 /* Preview Assets.xcassets */,
			);
			path = "Preview Content";
			sourceTree = "<group>";
		};
		8CCFD0E72BF32CD70059EF94 /* SumSumZipTests */ = {
			isa = PBXGroup;
			children = (
				8CCFD0E82BF32CD70059EF94 /* SumSumZipTests.swift */,
			);
			path = SumSumZipTests;
			sourceTree = "<group>";
		};
		8CCFD0F12BF32CD70059EF94 /* SumSumZipUITests */ = {
			isa = PBXGroup;
			children = (
				8CCFD0F22BF32CD70059EF94 /* SumSumZipUITests.swift */,
				8CCFD0F42BF32CD70059EF94 /* SumSumZipUITestsLaunchTests.swift */,
			);
			path = SumSumZipUITests;
			sourceTree = "<group>";
		};
		8CCFD1012BF3305A0059EF94 /* Models */ = {
			isa = PBXGroup;
			children = (
				51BE25F32BFD97E900D6F587 /* ContactsSettingModel.swift */,
				51BE25F22BFD97E900D6F587 /* MessageSettingModel.swift */,
				20C930032BFCBDF000F57ED2 /* TimeSettingModel.swift */,
			);
			path = Models;
			sourceTree = "<group>";
		};
		8CCFD1022BF330660059EF94 /* Views */ = {
			isa = PBXGroup;
			children = (
				0020A3C32BFD78F900607BAF /* OnboardingView.swift */,
				00C1A7BF2BFAEB0D004747E6 /* SummaryView.swift */,
				00467FDB2C4215E400DA7BB6 /* SettingView.swift */,
				00467FDF2C4227A700DA7BB6 /* PatientContactEditorView.swift */,
				512A01F92BFB1D8A00EE8B39 /* ContactSettingView.swift */,
				8B1F63D02BFAD41C00049B0B /* BreathingView.swift */,
				8B1F63D22BFADCDF00049B0B /* SOSView.swift */,
				20CE35B02BFAFE2200AF7C09 /* SOSTimeSetting.swift */,
				20CE35AE2BFAFCE300AF7C09 /* BreathTimeSetting.swift */,
				8C7622312BFC80BF00B6BFFF /* PatientInfoSettingView.swift */,
				512A01F72BFAEDBB00EE8B39 /* MessageView.swift */,
				8B1F64452BFD934300049B0B /* ContactView.swift */,
				8CF6FDB42BFDBE9300B59608 /* PatientInfoView.swift */,
				8B680ABA2BFF177C0099E7D9 /* PreviewView.swift */,
			);
			path = Views;
			sourceTree = "<group>";
		};
		8CCFD1032BF3306D0059EF94 /* ViewModels */ = {
			isa = PBXGroup;
			children = (
			);
			path = ViewModels;
			sourceTree = "<group>";
		};
		8CCFD1062BF3319F0059EF94 /* MainComponents */ = {
			isa = PBXGroup;
			children = (
				8CCFD1012BF3305A0059EF94 /* Models */,
				8CCFD1022BF330660059EF94 /* Views */,
				8CCFD1032BF3306D0059EF94 /* ViewModels */,
			);
			path = MainComponents;
			sourceTree = "<group>";
		};
		8CCFD1072BF331B00059EF94 /* WidgetComponents */ = {
			isa = PBXGroup;
			children = (
				8CCFD10C2BF332190059EF94 /* Models */,
				8CCFD10B2BF332130059EF94 /* Views */,
				8CCFD10A2BF331FC0059EF94 /* ViewModels */,
			);
			path = WidgetComponents;
			sourceTree = "<group>";
		};
		8CCFD1082BF331C10059EF94 /* Resources */ = {
			isa = PBXGroup;
			children = (
				8CCFD1172BF336CE0059EF94 /* Strings */,
				8CCFD1162BF335340059EF94 /* Components */,
				8CCFD1152BF335260059EF94 /* Color */,
				8CCFD1142BF3350D0059EF94 /* Image */,
				0020A3C52BFD7A4800607BAF /* SOSPhysics_Component */,
			);
			path = Resources;
			sourceTree = "<group>";
		};
		8CCFD1092BF331F20059EF94 /* Managers */ = {
			isa = PBXGroup;
			children = (
				8CD4FF1B2BF6E355009A8BC9 /* LiveActivityManager.swift */,
				8CF6FDB82BFDCB1D00B59608 /* UserdefaultsManager.swift */,
				8CF6FA1B2BFF1769008C827C /* AlertManager.swift */,
			);
			path = Managers;
			sourceTree = "<group>";
		};
		8CCFD10A2BF331FC0059EF94 /* ViewModels */ = {
			isa = PBXGroup;
			children = (
			);
			path = ViewModels;
			sourceTree = "<group>";
		};
		8CCFD10B2BF332130059EF94 /* Views */ = {
			isa = PBXGroup;
			children = (
			);
			path = Views;
			sourceTree = "<group>";
		};
		8CCFD10C2BF332190059EF94 /* Models */ = {
			isa = PBXGroup;
			children = (
			);
			path = Models;
			sourceTree = "<group>";
		};
		8CCFD10D2BF332310059EF94 /* LiveActivityComponents */ = {
			isa = PBXGroup;
			children = (
				8CCFD1122BF332620059EF94 /* Models */,
				8CCFD1112BF332590059EF94 /* Views */,
				8CCFD1102BF3324E0059EF94 /* ViewModels */,
			);
			path = LiveActivityComponents;
			sourceTree = "<group>";
		};
		8CCFD1102BF3324E0059EF94 /* ViewModels */ = {
			isa = PBXGroup;
			children = (
			);
			path = ViewModels;
			sourceTree = "<group>";
		};
		8CCFD1112BF332590059EF94 /* Views */ = {
			isa = PBXGroup;
			children = (
			);
			path = Views;
			sourceTree = "<group>";
		};
		8CCFD1122BF332620059EF94 /* Models */ = {
			isa = PBXGroup;
			children = (
			);
			name = Models;
			sourceTree = "<group>";
		};
		8CCFD1142BF3350D0059EF94 /* Image */ = {
			isa = PBXGroup;
			children = (
				6D49B4EB2C00364100F9D44D /* BreathingFace_10s.gif */,
				8CCFD0DA2BF32CD60059EF94 /* Assets.xcassets */,
			);
			path = Image;
			sourceTree = "<group>";
		};
		8CCFD1152BF335260059EF94 /* Color */ = {
			isa = PBXGroup;
			children = (
				8CCFD1182BF336EB0059EF94 /* Color.swift */,
			);
			path = Color;
			sourceTree = "<group>";
		};
		8CCFD1162BF335340059EF94 /* Components */ = {
			isa = PBXGroup;
			children = (
				8C9A150A2BF8608B00F16283 /* CircularProgressView.swift */,
				8C76222D2BFC808300B6BFFF /* CustomNavigationModifier.swift */,
				8C76222F2BFC80A100B6BFFF /* CustomTextEditorView.swift */,
				00467FDD2C42203B00DA7BB6 /* CustomTextEditorSimpleView.swift */,
				8C7622332BFC811D00B6BFFF /* SettingQuestionLabel.swift */,
				8C7622372BFC847A00B6BFFF /* CustomDivider.swift */,
				8CF6FDB62BFDC87D00B59608 /* CustomXButton.swift */,
			);
			path = Components;
			sourceTree = "<group>";
		};
		8CCFD1172BF336CE0059EF94 /* Strings */ = {
			isa = PBXGroup;
			children = (
				8CCFD11E2BF338540059EF94 /* Strings.swift */,
			);
			path = Strings;
			sourceTree = "<group>";
		};
		8CCFD11A2BF337C20059EF94 /* Helpers */ = {
			isa = PBXGroup;
			children = (
				6D8D80022BFF9EBE00A739D2 /* Gifimage */,
				8CCFD11B2BF337DB0059EF94 /* Extensions */,
			);
			path = Helpers;
			sourceTree = "<group>";
		};
		8CCFD11B2BF337DB0059EF94 /* Extensions */ = {
			isa = PBXGroup;
			children = (
				8CCFD11C2BF337EA0059EF94 /* Color+Extension.swift */,
				8C7622352BFC819900B6BFFF /* View+Extension.swift */,
			);
			path = Extensions;
			sourceTree = "<group>";
		};
		8CD4FEED2BF4E41B009A8BC9 /* Frameworks */ = {
			isa = PBXGroup;
			children = (
				8CD4FEEE2BF4E41B009A8BC9 /* WidgetKit.framework */,
				8CD4FEF02BF4E41B009A8BC9 /* SwiftUI.framework */,
			);
			name = Frameworks;
			sourceTree = "<group>";
		};
		8CD4FEF22BF4E41B009A8BC9 /* EmergencyLiveActivity */ = {
			isa = PBXGroup;
			children = (
				8CD4FEF32BF4E41B009A8BC9 /* EmergencyLiveActivityBundle.swift */,
				8CD4FEF52BF4E41B009A8BC9 /* EmergencyLiveActivity.swift */,
				8CD4FEF72BF4E41B009A8BC9 /* EmergencyWidget.swift */,
				8CD78B182BFEC6960054C170 /* LockScreenWidget.swift */,
				8CD4FEF92BF4E41B009A8BC9 /* AppIntent.swift */,
				8CF6FDAF2BFCD69D00B59608 /* SOS.gif */,
				8CD4FEFB2BF4E41C009A8BC9 /* Assets.xcassets */,
				8CD4FEFD2BF4E41C009A8BC9 /* Info.plist */,
				8CF6FDA92BFCCB3700B59608 /* AnimationImageView.swift */,
			);
			path = EmergencyLiveActivity;
			sourceTree = "<group>";
		};
/* End PBXGroup section */

/* Begin PBXNativeTarget section */
		8CCFD0D02BF32CD40059EF94 /* SumSumZip */ = {
			isa = PBXNativeTarget;
			buildConfigurationList = 8CCFD0F82BF32CD70059EF94 /* Build configuration list for PBXNativeTarget "SumSumZip" */;
			buildPhases = (
				8CCFD0CD2BF32CD40059EF94 /* Sources */,
				8CCFD0CE2BF32CD40059EF94 /* Frameworks */,
				8CCFD0CF2BF32CD40059EF94 /* Resources */,
				8CD4FF012BF4E41C009A8BC9 /* Embed Foundation Extensions */,
			);
			buildRules = (
			);
			dependencies = (
				8CD4FEFF2BF4E41C009A8BC9 /* PBXTargetDependency */,
			);
			name = SumSumZip;
			productName = SumSumZip;
			productReference = 8CCFD0D12BF32CD40059EF94 /* SumSumZip.app */;
			productType = "com.apple.product-type.application";
		};
		8CCFD0E32BF32CD70059EF94 /* SumSumZipTests */ = {
			isa = PBXNativeTarget;
			buildConfigurationList = 8CCFD0FB2BF32CD70059EF94 /* Build configuration list for PBXNativeTarget "SumSumZipTests" */;
			buildPhases = (
				8CCFD0E02BF32CD70059EF94 /* Sources */,
				8CCFD0E12BF32CD70059EF94 /* Frameworks */,
				8CCFD0E22BF32CD70059EF94 /* Resources */,
			);
			buildRules = (
			);
			dependencies = (
				8CCFD0E62BF32CD70059EF94 /* PBXTargetDependency */,
			);
			name = SumSumZipTests;
			productName = SumSumZipTests;
			productReference = 8CCFD0E42BF32CD70059EF94 /* SumSumZipTests.xctest */;
			productType = "com.apple.product-type.bundle.unit-test";
		};
		8CCFD0ED2BF32CD70059EF94 /* SumSumZipUITests */ = {
			isa = PBXNativeTarget;
			buildConfigurationList = 8CCFD0FE2BF32CD70059EF94 /* Build configuration list for PBXNativeTarget "SumSumZipUITests" */;
			buildPhases = (
				8CCFD0EA2BF32CD70059EF94 /* Sources */,
				8CCFD0EB2BF32CD70059EF94 /* Frameworks */,
				8CCFD0EC2BF32CD70059EF94 /* Resources */,
			);
			buildRules = (
			);
			dependencies = (
				8CCFD0F02BF32CD70059EF94 /* PBXTargetDependency */,
			);
			name = SumSumZipUITests;
			productName = SumSumZipUITests;
			productReference = 8CCFD0EE2BF32CD70059EF94 /* SumSumZipUITests.xctest */;
			productType = "com.apple.product-type.bundle.ui-testing";
		};
		8CD4FEEB2BF4E41B009A8BC9 /* EmergencyLiveActivityExtension */ = {
			isa = PBXNativeTarget;
			buildConfigurationList = 8CD4FF042BF4E41C009A8BC9 /* Build configuration list for PBXNativeTarget "EmergencyLiveActivityExtension" */;
			buildPhases = (
				8CD4FEE82BF4E41B009A8BC9 /* Sources */,
				8CD4FEE92BF4E41B009A8BC9 /* Frameworks */,
				8CD4FEEA2BF4E41B009A8BC9 /* Resources */,
			);
			buildRules = (
			);
			dependencies = (
			);
			name = EmergencyLiveActivityExtension;
			productName = EmergencyLiveActivityExtension;
			productReference = 8CD4FEEC2BF4E41B009A8BC9 /* EmergencyLiveActivityExtension.appex */;
			productType = "com.apple.product-type.app-extension";
		};
/* End PBXNativeTarget section */

/* Begin PBXProject section */
		8CCFD0C92BF32CD40059EF94 /* Project object */ = {
			isa = PBXProject;
			attributes = {
				BuildIndependentTargetsInParallel = 1;
				LastSwiftUpdateCheck = 1520;
				LastUpgradeCheck = 1540;
				TargetAttributes = {
					8CCFD0D02BF32CD40059EF94 = {
						CreatedOnToolsVersion = 15.2;
					};
					8CCFD0E32BF32CD70059EF94 = {
						CreatedOnToolsVersion = 15.2;
						TestTargetID = 8CCFD0D02BF32CD40059EF94;
					};
					8CCFD0ED2BF32CD70059EF94 = {
						CreatedOnToolsVersion = 15.2;
						TestTargetID = 8CCFD0D02BF32CD40059EF94;
					};
					8CD4FEEB2BF4E41B009A8BC9 = {
						CreatedOnToolsVersion = 15.2;
					};
				};
			};
			buildConfigurationList = 8CCFD0CC2BF32CD40059EF94 /* Build configuration list for PBXProject "SumSumZip" */;
			compatibilityVersion = "Xcode 14.0";
			developmentRegion = en;
			hasScannedForEncodings = 0;
			knownRegions = (
				en,
				Base,
			);
			mainGroup = 8CCFD0C82BF32CD40059EF94;
			productRefGroup = 8CCFD0D22BF32CD40059EF94 /* Products */;
			projectDirPath = "";
			projectRoot = "";
			targets = (
				8CCFD0D02BF32CD40059EF94 /* SumSumZip */,
				8CCFD0E32BF32CD70059EF94 /* SumSumZipTests */,
				8CCFD0ED2BF32CD70059EF94 /* SumSumZipUITests */,
				8CD4FEEB2BF4E41B009A8BC9 /* EmergencyLiveActivityExtension */,
			);
		};
/* End PBXProject section */

/* Begin PBXResourcesBuildPhase section */
		8CCFD0CF2BF32CD40059EF94 /* Resources */ = {
			isa = PBXResourcesBuildPhase;
			buildActionMask = 2147483647;
			files = (
				8B680ABD2C0043340099E7D9 /* electronic-alarm-clock-151927.mp3 in Resources */,
				8CF6FA1E2BFF31CD008C827C /* HapticWave_2.ahap in Resources */,
				0020A3C92BFD7AB500607BAF /* windows-xp-startup-sound.mp3 in Resources */,
				8CF6FDB12BFCD7F800B59608 /* SOS.gif in Resources */,
				8CCFD0DE2BF32CD60059EF94 /* Preview Assets.xcassets in Resources */,
				0020A3C72BFD7A9900607BAF /* HapticWave_1.ahap in Resources */,
				8CD4FEE72BF4DDE0009A8BC9 /* .gitignore in Resources */,
				8CCFD0DB2BF32CD60059EF94 /* Assets.xcassets in Resources */,
				6D49B4EC2C00364100F9D44D /* BreathingFace_10s.gif in Resources */,
			);
			runOnlyForDeploymentPostprocessing = 0;
		};
		8CCFD0E22BF32CD70059EF94 /* Resources */ = {
			isa = PBXResourcesBuildPhase;
			buildActionMask = 2147483647;
			files = (
			);
			runOnlyForDeploymentPostprocessing = 0;
		};
		8CCFD0EC2BF32CD70059EF94 /* Resources */ = {
			isa = PBXResourcesBuildPhase;
			buildActionMask = 2147483647;
			files = (
			);
			runOnlyForDeploymentPostprocessing = 0;
		};
		8CD4FEEA2BF4E41B009A8BC9 /* Resources */ = {
			isa = PBXResourcesBuildPhase;
			buildActionMask = 2147483647;
			files = (
				8CF6FDB02BFCD7F800B59608 /* SOS.gif in Resources */,
				8C7622202BFC6D4500B6BFFF /* Assets.xcassets in Resources */,
				8CD4FEFC2BF4E41C009A8BC9 /* Assets.xcassets in Resources */,
			);
			runOnlyForDeploymentPostprocessing = 0;
		};
/* End PBXResourcesBuildPhase section */

/* Begin PBXSourcesBuildPhase section */
		8CCFD0CD2BF32CD40059EF94 /* Sources */ = {
			isa = PBXSourcesBuildPhase;
			buildActionMask = 2147483647;
			files = (
				8CF6FDAA2BFCCB3700B59608 /* AnimationImageView.swift in Sources */,
				8CCFD0D72BF32CD40059EF94 /* ContentView.swift in Sources */,
				8CD78B192BFEC6960054C170 /* LockScreenWidget.swift in Sources */,
				00C1A7C02BFAEB0D004747E6 /* SummaryView.swift in Sources */,
				20CE35B12BFAFE2200AF7C09 /* SOSTimeSetting.swift in Sources */,
				8C9A150B2BF8608B00F16283 /* CircularProgressView.swift in Sources */,
				512A01F82BFAEDBB00EE8B39 /* MessageView.swift in Sources */,
				8CCFD11D2BF337EA0059EF94 /* Color+Extension.swift in Sources */,
				8CF6FA1C2BFF1769008C827C /* AlertManager.swift in Sources */,
				0020A3CC2BFD82F400607BAF /* SOSPhysical_Model.swift in Sources */,
				8C7622382BFC847A00B6BFFF /* CustomDivider.swift in Sources */,
				8B1F63D12BFAD41C00049B0B /* BreathingView.swift in Sources */,
				8CD4FF1A2BF6E1AB009A8BC9 /* EmergencyLiveActivity.swift in Sources */,
				8CD78B1B2BFEC8950054C170 /* EmergencyWidget.swift in Sources */,
				8B1F64462BFD934300049B0B /* ContactView.swift in Sources */,
				8CCFD1192BF336EB0059EF94 /* Color.swift in Sources */,
				8CCFD0D92BF32CD40059EF94 /* Item.swift in Sources */,
				8CCFD11F2BF338540059EF94 /* Strings.swift in Sources */,
				8CF6FDB52BFDBE9300B59608 /* PatientInfoView.swift in Sources */,
				8C7622302BFC80A100B6BFFF /* CustomTextEditorView.swift in Sources */,
				8C7622322BFC80BF00B6BFFF /* PatientInfoSettingView.swift in Sources */,
				00467FDC2C4215E400DA7BB6 /* SettingView.swift in Sources */,
				8CF6FDB92BFDCB1D00B59608 /* UserdefaultsManager.swift in Sources */,
				6D8D80042BFF9EF700A739D2 /* GifImageViewer.swift in Sources */,
				8B1F63D32BFADCDF00049B0B /* SOSView.swift in Sources */,
				8C76222E2BFC808300B6BFFF /* CustomNavigationModifier.swift in Sources */,
				20CE35AF2BFAFCE300AF7C09 /* BreathTimeSetting.swift in Sources */,
				20C930042BFCBDF000F57ED2 /* TimeSettingModel.swift in Sources */,
				51BE25F42BFD97E900D6F587 /* MessageSettingModel.swift in Sources */,
				8CCFD0D52BF32CD40059EF94 /* SumSumZipApp.swift in Sources */,
				8CD4FF1C2BF6E355009A8BC9 /* LiveActivityManager.swift in Sources */,
				0020A3C42BFD78F900607BAF /* OnboardingView.swift in Sources */,
				8B680ABB2BFF177C0099E7D9 /* PreviewView.swift in Sources */,
				0020A3CD2BFD82F400607BAF /* SOSPhysics_TestView.swift in Sources */,
				00467FE02C4227A700DA7BB6 /* PatientContactEditorView.swift in Sources */,
				512A01FA2BFB1D8A00EE8B39 /* ContactSettingView.swift in Sources */,
				8C7622362BFC819900B6BFFF /* View+Extension.swift in Sources */,
				8CF6FDB72BFDC87D00B59608 /* CustomXButton.swift in Sources */,
				51BE25F52BFD97E900D6F587 /* ContactsSettingModel.swift in Sources */,
				00467FDE2C42203B00DA7BB6 /* CustomTextEditorSimpleView.swift in Sources */,
				8C7622342BFC811D00B6BFFF /* SettingQuestionLabel.swift in Sources */,
			);
			runOnlyForDeploymentPostprocessing = 0;
		};
		8CCFD0E02BF32CD70059EF94 /* Sources */ = {
			isa = PBXSourcesBuildPhase;
			buildActionMask = 2147483647;
			files = (
				8CCFD0E92BF32CD70059EF94 /* SumSumZipTests.swift in Sources */,
			);
			runOnlyForDeploymentPostprocessing = 0;
		};
		8CCFD0EA2BF32CD70059EF94 /* Sources */ = {
			isa = PBXSourcesBuildPhase;
			buildActionMask = 2147483647;
			files = (
				8CCFD0F52BF32CD70059EF94 /* SumSumZipUITestsLaunchTests.swift in Sources */,
				8CCFD0F32BF32CD70059EF94 /* SumSumZipUITests.swift in Sources */,
			);
			runOnlyForDeploymentPostprocessing = 0;
		};
		8CD4FEE82BF4E41B009A8BC9 /* Sources */ = {
			isa = PBXSourcesBuildPhase;
			buildActionMask = 2147483647;
			files = (
				8CF6FDAB2BFCCB6C00B59608 /* AnimationImageView.swift in Sources */,
				8CD4FEF82BF4E41B009A8BC9 /* EmergencyWidget.swift in Sources */,
				8C9A150E2BF8617200F16283 /* Color+Extension.swift in Sources */,
				8CD4FEFA2BF4E41B009A8BC9 /* AppIntent.swift in Sources */,
				8CD4FEF42BF4E41B009A8BC9 /* EmergencyLiveActivityBundle.swift in Sources */,
				8C3CE2D82BFB11E2002D26C2 /* LiveActivityManager.swift in Sources */,
				8C9A150C2BF860FB00F16283 /* CircularProgressView.swift in Sources */,
				8CD4FEF62BF4E41B009A8BC9 /* EmergencyLiveActivity.swift in Sources */,
				8CD78B1A2BFEC6960054C170 /* LockScreenWidget.swift in Sources */,
				8C9A150D2BF8610600F16283 /* Color.swift in Sources */,
			);
			runOnlyForDeploymentPostprocessing = 0;
		};
/* End PBXSourcesBuildPhase section */

/* Begin PBXTargetDependency section */
		8CCFD0E62BF32CD70059EF94 /* PBXTargetDependency */ = {
			isa = PBXTargetDependency;
			target = 8CCFD0D02BF32CD40059EF94 /* SumSumZip */;
			targetProxy = 8CCFD0E52BF32CD70059EF94 /* PBXContainerItemProxy */;
		};
		8CCFD0F02BF32CD70059EF94 /* PBXTargetDependency */ = {
			isa = PBXTargetDependency;
			target = 8CCFD0D02BF32CD40059EF94 /* SumSumZip */;
			targetProxy = 8CCFD0EF2BF32CD70059EF94 /* PBXContainerItemProxy */;
		};
		8CD4FEFF2BF4E41C009A8BC9 /* PBXTargetDependency */ = {
			isa = PBXTargetDependency;
			target = 8CD4FEEB2BF4E41B009A8BC9 /* EmergencyLiveActivityExtension */;
			targetProxy = 8CD4FEFE2BF4E41C009A8BC9 /* PBXContainerItemProxy */;
		};
/* End PBXTargetDependency section */

/* Begin XCBuildConfiguration section */
		8CCFD0F62BF32CD70059EF94 /* Debug */ = {
			isa = XCBuildConfiguration;
			buildSettings = {
				ALWAYS_SEARCH_USER_PATHS = NO;
				ASSETCATALOG_COMPILER_GENERATE_SWIFT_ASSET_SYMBOL_EXTENSIONS = YES;
				CLANG_ANALYZER_NONNULL = YES;
				CLANG_ANALYZER_NUMBER_OBJECT_CONVERSION = YES_AGGRESSIVE;
				CLANG_CXX_LANGUAGE_STANDARD = "gnu++20";
				CLANG_ENABLE_MODULES = YES;
				CLANG_ENABLE_OBJC_ARC = YES;
				CLANG_ENABLE_OBJC_WEAK = YES;
				CLANG_WARN_BLOCK_CAPTURE_AUTORELEASING = YES;
				CLANG_WARN_BOOL_CONVERSION = YES;
				CLANG_WARN_COMMA = YES;
				CLANG_WARN_CONSTANT_CONVERSION = YES;
				CLANG_WARN_DEPRECATED_OBJC_IMPLEMENTATIONS = YES;
				CLANG_WARN_DIRECT_OBJC_ISA_USAGE = YES_ERROR;
				CLANG_WARN_DOCUMENTATION_COMMENTS = YES;
				CLANG_WARN_EMPTY_BODY = YES;
				CLANG_WARN_ENUM_CONVERSION = YES;
				CLANG_WARN_INFINITE_RECURSION = YES;
				CLANG_WARN_INT_CONVERSION = YES;
				CLANG_WARN_NON_LITERAL_NULL_CONVERSION = YES;
				CLANG_WARN_OBJC_IMPLICIT_RETAIN_SELF = YES;
				CLANG_WARN_OBJC_LITERAL_CONVERSION = YES;
				CLANG_WARN_OBJC_ROOT_CLASS = YES_ERROR;
				CLANG_WARN_QUOTED_INCLUDE_IN_FRAMEWORK_HEADER = YES;
				CLANG_WARN_RANGE_LOOP_ANALYSIS = YES;
				CLANG_WARN_STRICT_PROTOTYPES = YES;
				CLANG_WARN_SUSPICIOUS_MOVE = YES;
				CLANG_WARN_UNGUARDED_AVAILABILITY = YES_AGGRESSIVE;
				CLANG_WARN_UNREACHABLE_CODE = YES;
				CLANG_WARN__DUPLICATE_METHOD_MATCH = YES;
				COPY_PHASE_STRIP = NO;
				DEAD_CODE_STRIPPING = YES;
				DEBUG_INFORMATION_FORMAT = dwarf;
				ENABLE_STRICT_OBJC_MSGSEND = YES;
				ENABLE_TESTABILITY = YES;
				ENABLE_USER_SCRIPT_SANDBOXING = YES;
				GCC_C_LANGUAGE_STANDARD = gnu17;
				GCC_DYNAMIC_NO_PIC = NO;
				GCC_NO_COMMON_BLOCKS = YES;
				GCC_OPTIMIZATION_LEVEL = 0;
				GCC_PREPROCESSOR_DEFINITIONS = (
					"DEBUG=1",
					"$(inherited)",
				);
				GCC_WARN_64_TO_32_BIT_CONVERSION = YES;
				GCC_WARN_ABOUT_RETURN_TYPE = YES_ERROR;
				GCC_WARN_UNDECLARED_SELECTOR = YES;
				GCC_WARN_UNINITIALIZED_AUTOS = YES_AGGRESSIVE;
				GCC_WARN_UNUSED_FUNCTION = YES;
				GCC_WARN_UNUSED_VARIABLE = YES;
				LOCALIZATION_PREFERS_STRING_CATALOGS = YES;
				MACOSX_DEPLOYMENT_TARGET = 14.1;
				MTL_ENABLE_DEBUG_INFO = INCLUDE_SOURCE;
				MTL_FAST_MATH = YES;
				ONLY_ACTIVE_ARCH = YES;
				SDKROOT = macosx;
				SWIFT_ACTIVE_COMPILATION_CONDITIONS = "DEBUG $(inherited)";
				SWIFT_OPTIMIZATION_LEVEL = "-Onone";
			};
			name = Debug;
		};
		8CCFD0F72BF32CD70059EF94 /* Release */ = {
			isa = XCBuildConfiguration;
			buildSettings = {
				ALWAYS_SEARCH_USER_PATHS = NO;
				ASSETCATALOG_COMPILER_GENERATE_SWIFT_ASSET_SYMBOL_EXTENSIONS = YES;
				CLANG_ANALYZER_NONNULL = YES;
				CLANG_ANALYZER_NUMBER_OBJECT_CONVERSION = YES_AGGRESSIVE;
				CLANG_CXX_LANGUAGE_STANDARD = "gnu++20";
				CLANG_ENABLE_MODULES = YES;
				CLANG_ENABLE_OBJC_ARC = YES;
				CLANG_ENABLE_OBJC_WEAK = YES;
				CLANG_WARN_BLOCK_CAPTURE_AUTORELEASING = YES;
				CLANG_WARN_BOOL_CONVERSION = YES;
				CLANG_WARN_COMMA = YES;
				CLANG_WARN_CONSTANT_CONVERSION = YES;
				CLANG_WARN_DEPRECATED_OBJC_IMPLEMENTATIONS = YES;
				CLANG_WARN_DIRECT_OBJC_ISA_USAGE = YES_ERROR;
				CLANG_WARN_DOCUMENTATION_COMMENTS = YES;
				CLANG_WARN_EMPTY_BODY = YES;
				CLANG_WARN_ENUM_CONVERSION = YES;
				CLANG_WARN_INFINITE_RECURSION = YES;
				CLANG_WARN_INT_CONVERSION = YES;
				CLANG_WARN_NON_LITERAL_NULL_CONVERSION = YES;
				CLANG_WARN_OBJC_IMPLICIT_RETAIN_SELF = YES;
				CLANG_WARN_OBJC_LITERAL_CONVERSION = YES;
				CLANG_WARN_OBJC_ROOT_CLASS = YES_ERROR;
				CLANG_WARN_QUOTED_INCLUDE_IN_FRAMEWORK_HEADER = YES;
				CLANG_WARN_RANGE_LOOP_ANALYSIS = YES;
				CLANG_WARN_STRICT_PROTOTYPES = YES;
				CLANG_WARN_SUSPICIOUS_MOVE = YES;
				CLANG_WARN_UNGUARDED_AVAILABILITY = YES_AGGRESSIVE;
				CLANG_WARN_UNREACHABLE_CODE = YES;
				CLANG_WARN__DUPLICATE_METHOD_MATCH = YES;
				COPY_PHASE_STRIP = NO;
				DEAD_CODE_STRIPPING = YES;
				DEBUG_INFORMATION_FORMAT = "dwarf-with-dsym";
				ENABLE_NS_ASSERTIONS = NO;
				ENABLE_STRICT_OBJC_MSGSEND = YES;
				ENABLE_USER_SCRIPT_SANDBOXING = YES;
				GCC_C_LANGUAGE_STANDARD = gnu17;
				GCC_NO_COMMON_BLOCKS = YES;
				GCC_WARN_64_TO_32_BIT_CONVERSION = YES;
				GCC_WARN_ABOUT_RETURN_TYPE = YES_ERROR;
				GCC_WARN_UNDECLARED_SELECTOR = YES;
				GCC_WARN_UNINITIALIZED_AUTOS = YES_AGGRESSIVE;
				GCC_WARN_UNUSED_FUNCTION = YES;
				GCC_WARN_UNUSED_VARIABLE = YES;
				LOCALIZATION_PREFERS_STRING_CATALOGS = YES;
				MACOSX_DEPLOYMENT_TARGET = 14.1;
				MTL_ENABLE_DEBUG_INFO = NO;
				MTL_FAST_MATH = YES;
				SDKROOT = macosx;
				SWIFT_COMPILATION_MODE = wholemodule;
			};
			name = Release;
		};
		8CCFD0F92BF32CD70059EF94 /* Debug */ = {
			isa = XCBuildConfiguration;
			buildSettings = {
				ALWAYS_EMBED_SWIFT_STANDARD_LIBRARIES = YES;
				ASSETCATALOG_COMPILER_APPICON_NAME = AppIcon;
				ASSETCATALOG_COMPILER_GLOBAL_ACCENT_COLOR_NAME = AccentColor;
				CODE_SIGN_ENTITLEMENTS = SumSumZip/SumSumZip.entitlements;
				CODE_SIGN_STYLE = Automatic;
				COMBINE_HIDPI_IMAGES = YES;
				CURRENT_PROJECT_VERSION = 1;
				DEAD_CODE_STRIPPING = YES;
				DEVELOPMENT_ASSET_PATHS = "\"SumSumZip/Preview Content\"";
				DEVELOPMENT_TEAM = 5C6W5SYCQQ;
				ENABLE_PREVIEWS = YES;
				GENERATE_INFOPLIST_FILE = YES;
				INFOPLIST_FILE = SumSumZip/Info.plist;
				INFOPLIST_KEY_NSHumanReadableCopyright = "";
				INFOPLIST_KEY_NSSupportsLiveActivities = YES;
				INFOPLIST_KEY_UISupportedInterfaceOrientations = UIInterfaceOrientationPortrait;
				IPHONEOS_DEPLOYMENT_TARGET = 17.0;
				LD_RUNPATH_SEARCH_PATHS = (
					"$(inherited)",
					"@executable_path/../Frameworks",
				);
				MACOSX_DEPLOYMENT_TARGET = 14.0;
				MARKETING_VERSION = 1.0;
				PRODUCT_BUNDLE_IDENTIFIER = com.InnerPeace.SumSumZip;
				PRODUCT_NAME = "$(TARGET_NAME)";
				SUPPORTED_PLATFORMS = "iphoneos iphonesimulator";
				SUPPORTS_MACCATALYST = NO;
				SWIFT_EMIT_LOC_STRINGS = YES;
				SWIFT_VERSION = 5.0;
				TARGETED_DEVICE_FAMILY = 1;
			};
			name = Debug;
		};
		8CCFD0FA2BF32CD70059EF94 /* Release */ = {
			isa = XCBuildConfiguration;
			buildSettings = {
				ALWAYS_EMBED_SWIFT_STANDARD_LIBRARIES = YES;
				ASSETCATALOG_COMPILER_APPICON_NAME = AppIcon;
				ASSETCATALOG_COMPILER_GLOBAL_ACCENT_COLOR_NAME = AccentColor;
				CODE_SIGN_ENTITLEMENTS = SumSumZip/SumSumZip.entitlements;
				CODE_SIGN_STYLE = Automatic;
				COMBINE_HIDPI_IMAGES = YES;
				CURRENT_PROJECT_VERSION = 1;
				DEAD_CODE_STRIPPING = YES;
				DEVELOPMENT_ASSET_PATHS = "\"SumSumZip/Preview Content\"";
				DEVELOPMENT_TEAM = 5C6W5SYCQQ;
				ENABLE_PREVIEWS = YES;
				GENERATE_INFOPLIST_FILE = YES;
				INFOPLIST_FILE = SumSumZip/Info.plist;
				INFOPLIST_KEY_NSHumanReadableCopyright = "";
				INFOPLIST_KEY_NSSupportsLiveActivities = YES;
				INFOPLIST_KEY_UISupportedInterfaceOrientations = UIInterfaceOrientationPortrait;
				IPHONEOS_DEPLOYMENT_TARGET = 17.0;
				LD_RUNPATH_SEARCH_PATHS = (
					"$(inherited)",
					"@executable_path/../Frameworks",
				);
				MACOSX_DEPLOYMENT_TARGET = 14.0;
				MARKETING_VERSION = 1.0;
				PRODUCT_BUNDLE_IDENTIFIER = com.InnerPeace.SumSumZip;
				PRODUCT_NAME = "$(TARGET_NAME)";
				SUPPORTED_PLATFORMS = "iphoneos iphonesimulator";
				SUPPORTS_MACCATALYST = NO;
				SWIFT_EMIT_LOC_STRINGS = YES;
				SWIFT_VERSION = 5.0;
				TARGETED_DEVICE_FAMILY = 1;
			};
			name = Release;
		};
		8CCFD0FC2BF32CD70059EF94 /* Debug */ = {
			isa = XCBuildConfiguration;
			buildSettings = {
				ALWAYS_EMBED_SWIFT_STANDARD_LIBRARIES = YES;
				BUNDLE_LOADER = "$(TEST_HOST)";
				CODE_SIGN_STYLE = Automatic;
				CURRENT_PROJECT_VERSION = 1;
				DEAD_CODE_STRIPPING = YES;
				GENERATE_INFOPLIST_FILE = YES;
				MACOSX_DEPLOYMENT_TARGET = 14.0;
				MARKETING_VERSION = 1.0;
				PRODUCT_BUNDLE_IDENTIFIER = com.InnerPeace.SumSumZipTests;
				PRODUCT_NAME = "$(TARGET_NAME)";
				SUPPORTED_PLATFORMS = "iphoneos iphonesimulator macosx";
				SUPPORTS_MACCATALYST = NO;
				SWIFT_EMIT_LOC_STRINGS = NO;
				SWIFT_VERSION = 5.0;
				TARGETED_DEVICE_FAMILY = 1;
				TEST_HOST = "$(BUILT_PRODUCTS_DIR)/SumSumZip.app/$(BUNDLE_EXECUTABLE_FOLDER_PATH)/SumSumZip";
			};
			name = Debug;
		};
		8CCFD0FD2BF32CD70059EF94 /* Release */ = {
			isa = XCBuildConfiguration;
			buildSettings = {
				ALWAYS_EMBED_SWIFT_STANDARD_LIBRARIES = YES;
				BUNDLE_LOADER = "$(TEST_HOST)";
				CODE_SIGN_STYLE = Automatic;
				CURRENT_PROJECT_VERSION = 1;
				DEAD_CODE_STRIPPING = YES;
				GENERATE_INFOPLIST_FILE = YES;
				MACOSX_DEPLOYMENT_TARGET = 14.0;
				MARKETING_VERSION = 1.0;
				PRODUCT_BUNDLE_IDENTIFIER = com.InnerPeace.SumSumZipTests;
				PRODUCT_NAME = "$(TARGET_NAME)";
				SUPPORTED_PLATFORMS = "iphoneos iphonesimulator macosx";
				SUPPORTS_MACCATALYST = NO;
				SWIFT_EMIT_LOC_STRINGS = NO;
				SWIFT_VERSION = 5.0;
				TARGETED_DEVICE_FAMILY = 1;
				TEST_HOST = "$(BUILT_PRODUCTS_DIR)/SumSumZip.app/$(BUNDLE_EXECUTABLE_FOLDER_PATH)/SumSumZip";
			};
			name = Release;
		};
		8CCFD0FF2BF32CD70059EF94 /* Debug */ = {
			isa = XCBuildConfiguration;
			buildSettings = {
				ALWAYS_EMBED_SWIFT_STANDARD_LIBRARIES = YES;
				CODE_SIGN_STYLE = Automatic;
				CURRENT_PROJECT_VERSION = 1;
				DEAD_CODE_STRIPPING = YES;
				GENERATE_INFOPLIST_FILE = YES;
				MARKETING_VERSION = 1.0;
				PRODUCT_BUNDLE_IDENTIFIER = com.InnerPeace.SumSumZipUITests;
				PRODUCT_NAME = "$(TARGET_NAME)";
				SUPPORTED_PLATFORMS = "iphoneos iphonesimulator macosx";
				SUPPORTS_MACCATALYST = NO;
				SWIFT_EMIT_LOC_STRINGS = NO;
				SWIFT_VERSION = 5.0;
				TARGETED_DEVICE_FAMILY = 1;
				TEST_TARGET_NAME = SumSumZip;
			};
			name = Debug;
		};
		8CCFD1002BF32CD70059EF94 /* Release */ = {
			isa = XCBuildConfiguration;
			buildSettings = {
				ALWAYS_EMBED_SWIFT_STANDARD_LIBRARIES = YES;
				CODE_SIGN_STYLE = Automatic;
				CURRENT_PROJECT_VERSION = 1;
				DEAD_CODE_STRIPPING = YES;
				GENERATE_INFOPLIST_FILE = YES;
				MARKETING_VERSION = 1.0;
				PRODUCT_BUNDLE_IDENTIFIER = com.InnerPeace.SumSumZipUITests;
				PRODUCT_NAME = "$(TARGET_NAME)";
				SUPPORTED_PLATFORMS = "iphoneos iphonesimulator macosx";
				SUPPORTS_MACCATALYST = NO;
				SWIFT_EMIT_LOC_STRINGS = NO;
				SWIFT_VERSION = 5.0;
				TARGETED_DEVICE_FAMILY = 1;
				TEST_TARGET_NAME = SumSumZip;
			};
			name = Release;
		};
		8CD4FF022BF4E41C009A8BC9 /* Debug */ = {
			isa = XCBuildConfiguration;
			buildSettings = {
				ASSETCATALOG_COMPILER_GLOBAL_ACCENT_COLOR_NAME = AccentColor;
				ASSETCATALOG_COMPILER_WIDGET_BACKGROUND_COLOR_NAME = WidgetBackground;
				CODE_SIGN_STYLE = Automatic;
				CURRENT_PROJECT_VERSION = 1;
				DEVELOPMENT_TEAM = 5C6W5SYCQQ;
				GENERATE_INFOPLIST_FILE = YES;
				INFOPLIST_FILE = EmergencyLiveActivity/Info.plist;
				INFOPLIST_KEY_CFBundleDisplayName = EmergencyLiveActivity;
				INFOPLIST_KEY_NSHumanReadableCopyright = "";
				IPHONEOS_DEPLOYMENT_TARGET = 17.2;
				LD_RUNPATH_SEARCH_PATHS = (
					"$(inherited)",
					"@executable_path/Frameworks",
					"@executable_path/../../Frameworks",
				);
				MARKETING_VERSION = 1.0;
				PRODUCT_BUNDLE_IDENTIFIER = com.InnerPeace.SumSumZip.EmergencyLiveActivity;
				PRODUCT_NAME = "$(TARGET_NAME)";
				SDKROOT = iphoneos;
				SKIP_INSTALL = YES;
				SUPPORTED_PLATFORMS = "iphoneos iphonesimulator";
				SUPPORTS_MACCATALYST = NO;
				SUPPORTS_MAC_DESIGNED_FOR_IPHONE_IPAD = NO;
				SUPPORTS_XR_DESIGNED_FOR_IPHONE_IPAD = NO;
				SWIFT_EMIT_LOC_STRINGS = YES;
				SWIFT_VERSION = 5.0;
				TARGETED_DEVICE_FAMILY = 1;
			};
			name = Debug;
		};
		8CD4FF032BF4E41C009A8BC9 /* Release */ = {
			isa = XCBuildConfiguration;
			buildSettings = {
				ASSETCATALOG_COMPILER_GLOBAL_ACCENT_COLOR_NAME = AccentColor;
				ASSETCATALOG_COMPILER_WIDGET_BACKGROUND_COLOR_NAME = WidgetBackground;
				CODE_SIGN_STYLE = Automatic;
				CURRENT_PROJECT_VERSION = 1;
				DEVELOPMENT_TEAM = 5C6W5SYCQQ;
				GENERATE_INFOPLIST_FILE = YES;
				INFOPLIST_FILE = EmergencyLiveActivity/Info.plist;
				INFOPLIST_KEY_CFBundleDisplayName = EmergencyLiveActivity;
				INFOPLIST_KEY_NSHumanReadableCopyright = "";
				IPHONEOS_DEPLOYMENT_TARGET = 17.2;
				LD_RUNPATH_SEARCH_PATHS = (
					"$(inherited)",
					"@executable_path/Frameworks",
					"@executable_path/../../Frameworks",
				);
				MARKETING_VERSION = 1.0;
				PRODUCT_BUNDLE_IDENTIFIER = com.InnerPeace.SumSumZip.EmergencyLiveActivity;
				PRODUCT_NAME = "$(TARGET_NAME)";
				SDKROOT = iphoneos;
				SKIP_INSTALL = YES;
				SUPPORTED_PLATFORMS = "iphoneos iphonesimulator";
				SUPPORTS_MACCATALYST = NO;
				SUPPORTS_MAC_DESIGNED_FOR_IPHONE_IPAD = NO;
				SUPPORTS_XR_DESIGNED_FOR_IPHONE_IPAD = NO;
				SWIFT_EMIT_LOC_STRINGS = YES;
				SWIFT_VERSION = 5.0;
				TARGETED_DEVICE_FAMILY = 1;
				VALIDATE_PRODUCT = YES;
			};
			name = Release;
		};
/* End XCBuildConfiguration section */

/* Begin XCConfigurationList section */
		8CCFD0CC2BF32CD40059EF94 /* Build configuration list for PBXProject "SumSumZip" */ = {
			isa = XCConfigurationList;
			buildConfigurations = (
				8CCFD0F62BF32CD70059EF94 /* Debug */,
				8CCFD0F72BF32CD70059EF94 /* Release */,
			);
			defaultConfigurationIsVisible = 0;
			defaultConfigurationName = Release;
		};
		8CCFD0F82BF32CD70059EF94 /* Build configuration list for PBXNativeTarget "SumSumZip" */ = {
			isa = XCConfigurationList;
			buildConfigurations = (
				8CCFD0F92BF32CD70059EF94 /* Debug */,
				8CCFD0FA2BF32CD70059EF94 /* Release */,
			);
			defaultConfigurationIsVisible = 0;
			defaultConfigurationName = Release;
		};
		8CCFD0FB2BF32CD70059EF94 /* Build configuration list for PBXNativeTarget "SumSumZipTests" */ = {
			isa = XCConfigurationList;
			buildConfigurations = (
				8CCFD0FC2BF32CD70059EF94 /* Debug */,
				8CCFD0FD2BF32CD70059EF94 /* Release */,
			);
			defaultConfigurationIsVisible = 0;
			defaultConfigurationName = Release;
		};
		8CCFD0FE2BF32CD70059EF94 /* Build configuration list for PBXNativeTarget "SumSumZipUITests" */ = {
			isa = XCConfigurationList;
			buildConfigurations = (
				8CCFD0FF2BF32CD70059EF94 /* Debug */,
				8CCFD1002BF32CD70059EF94 /* Release */,
			);
			defaultConfigurationIsVisible = 0;
			defaultConfigurationName = Release;
		};
		8CD4FF042BF4E41C009A8BC9 /* Build configuration list for PBXNativeTarget "EmergencyLiveActivityExtension" */ = {
			isa = XCConfigurationList;
			buildConfigurations = (
				8CD4FF022BF4E41C009A8BC9 /* Debug */,
				8CD4FF032BF4E41C009A8BC9 /* Release */,
			);
			defaultConfigurationIsVisible = 0;
			defaultConfigurationName = Release;
		};
/* End XCConfigurationList section */
	};
	rootObject = 8CCFD0C92BF32CD40059EF94 /* Project object */;
}
